
Microsoft Visual Studio Solution File, Format Version 12.00
# Visual Studio Version 17
VisualStudioVersion = 17.0.32126.317
MinimumVisualStudioVersion = 10.0.40219.1
Project("{9A19103F-16F7-4668-BE54-9A1E7A4F7556}") = "SeeSharpers", "SeeSharpers\SeeSharpers.csproj", "{5DECD547-AD84-42BD-82D0-5A006BEA3341}"
EndProject
Project("{FAE04EC0-301F-11D3-BF4B-00C04F79EFBC}") = "SeeSharpersUnitTests", "SeeSharpersUnitTests\SeeSharpersUnitTests.csproj", "{4C53B64D-1044-4B99-B3EF-501EB60F8F6E}"
EndProject
Global
	GlobalSection(SolutionConfigurationPlatforms) = preSolution
		Debug|Any CPU = Debug|Any CPU
		Release|Any CPU = Release|Any CPU
	EndGlobalSection
	GlobalSection(ProjectConfigurationPlatforms) = postSolution
		{5DECD547-AD84-42BD-82D0-5A006BEA3341}.Debug|Any CPU.ActiveCfg = Debug|Any CPU
		{5DECD547-AD84-42BD-82D0-5A006BEA3341}.Debug|Any CPU.Build.0 = Debug|Any CPU
		{5DECD547-AD84-42BD-82D0-5A006BEA3341}.Release|Any CPU.ActiveCfg = Release|Any CPU
		{5DECD547-AD84-42BD-82D0-5A006BEA3341}.Release|Any CPU.Build.0 = Release|Any CPU
		{4C53B64D-1044-4B99-B3EF-501EB60F8F6E}.Debug|Any CPU.ActiveCfg = Debug|Any CPU
		{4C53B64D-1044-4B99-B3EF-501EB60F8F6E}.Debug|Any CPU.Build.0 = Debug|Any CPU
		{4C53B64D-1044-4B99-B3EF-501EB60F8F6E}.Release|Any CPU.ActiveCfg = Release|Any CPU
		{4C53B64D-1044-4B99-B3EF-501EB60F8F6E}.Release|Any CPU.Build.0 = Release|Any CPU
	EndGlobalSection
	GlobalSection(SolutionProperties) = preSolution
		HideSolutionNode = FALSE
	EndGlobalSection
	GlobalSection(ExtensibilityGlobals) = postSolution
		SolutionGuid = {29FBDBF4-E4D9-4A11-9BA6-3DEC5AF427E8}
	EndGlobalSection
EndGlobal
